// !$*UTF8*$!
{
	archiveVersion = 1;
	classes = {
	};
	objectVersion = 50;
	objects = {

/* Begin PBXBuildFile section */
		07E8FDFE6DCFA96ADD4AC120 /* Pods_SswiftJJsonTests.framework in Frameworks */ = {isa = PBXBuildFile; fileRef = 1A25C43EC646A50D9ACDDC81 /* Pods_SswiftJJsonTests.framework */; };
		2B4FD0D46E26223EC746EEA8 /* Pods_SswiftJJson.framework in Frameworks */ = {isa = PBXBuildFile; fileRef = 2FB2411EA49A153852E9FF49 /* Pods_SswiftJJson.framework */; };
		7A3B858077762AFEAC570EE5 /* Pods_SswiftJJsonUITests.framework in Frameworks */ = {isa = PBXBuildFile; fileRef = 0C74A7CA4ED81F45518F7083 /* Pods_SswiftJJsonUITests.framework */; };
		D6922B8921BF8928001CEFE6 /* AppDelegate.swift in Sources */ = {isa = PBXBuildFile; fileRef = D6922B8821BF8928001CEFE6 /* AppDelegate.swift */; };
		D6922B8B21BF8928001CEFE6 /* ViewController.swift in Sources */ = {isa = PBXBuildFile; fileRef = D6922B8A21BF8928001CEFE6 /* ViewController.swift */; };
		D6922B8E21BF8928001CEFE6 /* Main.storyboard in Resources */ = {isa = PBXBuildFile; fileRef = D6922B8C21BF8928001CEFE6 /* Main.storyboard */; };
		D6922B9121BF8928001CEFE6 /* SswiftJJson.xcdatamodeld in Sources */ = {isa = PBXBuildFile; fileRef = D6922B8F21BF8928001CEFE6 /* SswiftJJson.xcdatamodeld */; };
		D6922B9321BF892A001CEFE6 /* Assets.xcassets in Resources */ = {isa = PBXBuildFile; fileRef = D6922B9221BF892A001CEFE6 /* Assets.xcassets */; };
		D6922B9621BF892A001CEFE6 /* LaunchScreen.storyboard in Resources */ = {isa = PBXBuildFile; fileRef = D6922B9421BF892A001CEFE6 /* LaunchScreen.storyboard */; };
		D6922BA121BF892A001CEFE6 /* SswiftJJsonTests.swift in Sources */ = {isa = PBXBuildFile; fileRef = D6922BA021BF892A001CEFE6 /* SswiftJJsonTests.swift */; };
		D6922BAC21BF892B001CEFE6 /* SswiftJJsonUITests.swift in Sources */ = {isa = PBXBuildFile; fileRef = D6922BAB21BF892B001CEFE6 /* SswiftJJsonUITests.swift */; };
		D6DF627921C36FDB00C484B1 /* Alamofire.framework in Frameworks */ = {isa = PBXBuildFile; fileRef = D6DF627821C36FDB00C484B1 /* Alamofire.framework */; };
		D6E5869621C295110031AFF5 /* DisplayTVC.swift in Sources */ = {isa = PBXBuildFile; fileRef = D6E5869521C295110031AFF5 /* DisplayTVC.swift */; };
		D6E5869821C2952F0031AFF5 /* TVCell.swift in Sources */ = {isa = PBXBuildFile; fileRef = D6E5869721C2952F0031AFF5 /* TVCell.swift */; };
		D6E967A221C77D3B00793F8B /* APIManager.swift in Sources */ = {isa = PBXBuildFile; fileRef = D6E967A121C77D3B00793F8B /* APIManager.swift */; };
/* End PBXBuildFile section */

/* Begin PBXContainerItemProxy section */
		D6922B9D21BF892A001CEFE6 /* PBXContainerItemProxy */ = {
			isa = PBXContainerItemProxy;
			containerPortal = D6922B7D21BF8928001CEFE6 /* Project object */;
			proxyType = 1;
			remoteGlobalIDString = D6922B8421BF8928001CEFE6;
			remoteInfo = SswiftJJson;
		};
		D6922BA821BF892B001CEFE6 /* PBXContainerItemProxy */ = {
			isa = PBXContainerItemProxy;
			containerPortal = D6922B7D21BF8928001CEFE6 /* Project object */;
			proxyType = 1;
			remoteGlobalIDString = D6922B8421BF8928001CEFE6;
			remoteInfo = SswiftJJson;
		};
/* End PBXContainerItemProxy section */

/* Begin PBXFileReference section */
		0C74A7CA4ED81F45518F7083 /* Pods_SswiftJJsonUITests.framework */ = {isa = PBXFileReference; explicitFileType = wrapper.framework; includeInIndex = 0; path = Pods_SswiftJJsonUITests.framework; sourceTree = BUILT_PRODUCTS_DIR; };
		1A25C43EC646A50D9ACDDC81 /* Pods_SswiftJJsonTests.framework */ = {isa = PBXFileReference; explicitFileType = wrapper.framework; includeInIndex = 0; path = Pods_SswiftJJsonTests.framework; sourceTree = BUILT_PRODUCTS_DIR; };
		2FB2411EA49A153852E9FF49 /* Pods_SswiftJJson.framework */ = {isa = PBXFileReference; explicitFileType = wrapper.framework; includeInIndex = 0; path = Pods_SswiftJJson.framework; sourceTree = BUILT_PRODUCTS_DIR; };
		5AC89A7A024C833889BFC4F0 /* Pods-SswiftJJsonTests.debug.xcconfig */ = {isa = PBXFileReference; includeInIndex = 1; lastKnownFileType = text.xcconfig; name = "Pods-SswiftJJsonTests.debug.xcconfig"; path = "Pods/Target Support Files/Pods-SswiftJJsonTests/Pods-SswiftJJsonTests.debug.xcconfig"; sourceTree = "<group>"; };
		714B91E654B14590414128E4 /* Pods-SswiftJJson.release.xcconfig */ = {isa = PBXFileReference; includeInIndex = 1; lastKnownFileType = text.xcconfig; name = "Pods-SswiftJJson.release.xcconfig"; path = "Pods/Target Support Files/Pods-SswiftJJson/Pods-SswiftJJson.release.xcconfig"; sourceTree = "<group>"; };
		7FDBF9D539AC3678594642E2 /* Pods-SswiftJJson.debug.xcconfig */ = {isa = PBXFileReference; includeInIndex = 1; lastKnownFileType = text.xcconfig; name = "Pods-SswiftJJson.debug.xcconfig"; path = "Pods/Target Support Files/Pods-SswiftJJson/Pods-SswiftJJson.debug.xcconfig"; sourceTree = "<group>"; };
		CBE45013BA68FDA1EB65B1CE /* Pods-SswiftJJsonUITests.debug.xcconfig */ = {isa = PBXFileReference; includeInIndex = 1; lastKnownFileType = text.xcconfig; name = "Pods-SswiftJJsonUITests.debug.xcconfig"; path = "Pods/Target Support Files/Pods-SswiftJJsonUITests/Pods-SswiftJJsonUITests.debug.xcconfig"; sourceTree = "<group>"; };
		CEE9DC157456D66633A227B3 /* Pods-SswiftJJsonTests.release.xcconfig */ = {isa = PBXFileReference; includeInIndex = 1; lastKnownFileType = text.xcconfig; name = "Pods-SswiftJJsonTests.release.xcconfig"; path = "Pods/Target Support Files/Pods-SswiftJJsonTests/Pods-SswiftJJsonTests.release.xcconfig"; sourceTree = "<group>"; };
		D6922B8521BF8928001CEFE6 /* SswiftJJson.app */ = {isa = PBXFileReference; explicitFileType = wrapper.application; includeInIndex = 0; path = SswiftJJson.app; sourceTree = BUILT_PRODUCTS_DIR; };
		D6922B8821BF8928001CEFE6 /* AppDelegate.swift */ = {isa = PBXFileReference; lastKnownFileType = sourcecode.swift; path = AppDelegate.swift; sourceTree = "<group>"; };
		D6922B8A21BF8928001CEFE6 /* ViewController.swift */ = {isa = PBXFileReference; lastKnownFileType = sourcecode.swift; path = ViewController.swift; sourceTree = "<group>"; };
		D6922B8D21BF8928001CEFE6 /* Base */ = {isa = PBXFileReference; lastKnownFileType = file.storyboard; name = Base; path = Base.lproj/Main.storyboard; sourceTree = "<group>"; };
		D6922B9021BF8928001CEFE6 /* SswiftJJson.xcdatamodel */ = {isa = PBXFileReference; lastKnownFileType = wrapper.xcdatamodel; path = SswiftJJson.xcdatamodel; sourceTree = "<group>"; };
		D6922B9221BF892A001CEFE6 /* Assets.xcassets */ = {isa = PBXFileReference; lastKnownFileType = folder.assetcatalog; path = Assets.xcassets; sourceTree = "<group>"; };
		D6922B9521BF892A001CEFE6 /* Base */ = {isa = PBXFileReference; lastKnownFileType = file.storyboard; name = Base; path = Base.lproj/LaunchScreen.storyboard; sourceTree = "<group>"; };
		D6922B9721BF892A001CEFE6 /* Info.plist */ = {isa = PBXFileReference; lastKnownFileType = text.plist.xml; path = Info.plist; sourceTree = "<group>"; };
		D6922B9C21BF892A001CEFE6 /* SswiftJJsonTests.xctest */ = {isa = PBXFileReference; explicitFileType = wrapper.cfbundle; includeInIndex = 0; path = SswiftJJsonTests.xctest; sourceTree = BUILT_PRODUCTS_DIR; };
		D6922BA021BF892A001CEFE6 /* SswiftJJsonTests.swift */ = {isa = PBXFileReference; lastKnownFileType = sourcecode.swift; path = SswiftJJsonTests.swift; sourceTree = "<group>"; };
		D6922BA221BF892B001CEFE6 /* Info.plist */ = {isa = PBXFileReference; lastKnownFileType = text.plist.xml; path = Info.plist; sourceTree = "<group>"; };
		D6922BA721BF892B001CEFE6 /* SswiftJJsonUITests.xctest */ = {isa = PBXFileReference; explicitFileType = wrapper.cfbundle; includeInIndex = 0; path = SswiftJJsonUITests.xctest; sourceTree = BUILT_PRODUCTS_DIR; };
		D6922BAB21BF892B001CEFE6 /* SswiftJJsonUITests.swift */ = {isa = PBXFileReference; lastKnownFileType = sourcecode.swift; path = SswiftJJsonUITests.swift; sourceTree = "<group>"; };
		D6922BAD21BF892B001CEFE6 /* Info.plist */ = {isa = PBXFileReference; lastKnownFileType = text.plist.xml; path = Info.plist; sourceTree = "<group>"; };
		D6DF627821C36FDB00C484B1 /* Alamofire.framework */ = {isa = PBXFileReference; explicitFileType = wrapper.framework; path = Alamofire.framework; sourceTree = BUILT_PRODUCTS_DIR; };
		D6E5869521C295110031AFF5 /* DisplayTVC.swift */ = {isa = PBXFileReference; lastKnownFileType = sourcecode.swift; path = DisplayTVC.swift; sourceTree = "<group>"; };
		D6E5869721C2952F0031AFF5 /* TVCell.swift */ = {isa = PBXFileReference; lastKnownFileType = sourcecode.swift; path = TVCell.swift; sourceTree = "<group>"; };
		D6E967A121C77D3B00793F8B /* APIManager.swift */ = {isa = PBXFileReference; lastKnownFileType = sourcecode.swift; path = APIManager.swift; sourceTree = "<group>"; };
		DD05F2F32639CD47D006DAA3 /* Pods-SswiftJJsonUITests.release.xcconfig */ = {isa = PBXFileReference; includeInIndex = 1; lastKnownFileType = text.xcconfig; name = "Pods-SswiftJJsonUITests.release.xcconfig"; path = "Pods/Target Support Files/Pods-SswiftJJsonUITests/Pods-SswiftJJsonUITests.release.xcconfig"; sourceTree = "<group>"; };
/* End PBXFileReference section */

/* Begin PBXFrameworksBuildPhase section */
		D6922B8221BF8928001CEFE6 /* Frameworks */ = {
			isa = PBXFrameworksBuildPhase;
			buildActionMask = 2147483647;
			files = (
				D6DF627921C36FDB00C484B1 /* Alamofire.framework in Frameworks */,
				2B4FD0D46E26223EC746EEA8 /* Pods_SswiftJJson.framework in Frameworks */,
			);
			runOnlyForDeploymentPostprocessing = 0;
		};
		D6922B9921BF892A001CEFE6 /* Frameworks */ = {
			isa = PBXFrameworksBuildPhase;
			buildActionMask = 2147483647;
			files = (
				07E8FDFE6DCFA96ADD4AC120 /* Pods_SswiftJJsonTests.framework in Frameworks */,
			);
			runOnlyForDeploymentPostprocessing = 0;
		};
		D6922BA421BF892B001CEFE6 /* Frameworks */ = {
			isa = PBXFrameworksBuildPhase;
			buildActionMask = 2147483647;
			files = (
				7A3B858077762AFEAC570EE5 /* Pods_SswiftJJsonUITests.framework in Frameworks */,
			);
			runOnlyForDeploymentPostprocessing = 0;
		};
/* End PBXFrameworksBuildPhase section */

/* Begin PBXGroup section */
		97F151BD6A1A0D209F268797 /* Pods */ = {
			isa = PBXGroup;
			children = (
				7FDBF9D539AC3678594642E2 /* Pods-SswiftJJson.debug.xcconfig */,
				714B91E654B14590414128E4 /* Pods-SswiftJJson.release.xcconfig */,
				5AC89A7A024C833889BFC4F0 /* Pods-SswiftJJsonTests.debug.xcconfig */,
				CEE9DC157456D66633A227B3 /* Pods-SswiftJJsonTests.release.xcconfig */,
				CBE45013BA68FDA1EB65B1CE /* Pods-SswiftJJsonUITests.debug.xcconfig */,
				DD05F2F32639CD47D006DAA3 /* Pods-SswiftJJsonUITests.release.xcconfig */,
			);
			name = Pods;
			sourceTree = "<group>";
		};
		B439EE1B47FC24A54F019E93 /* Frameworks */ = {
			isa = PBXGroup;
			children = (
				D6DF627821C36FDB00C484B1 /* Alamofire.framework */,
				2FB2411EA49A153852E9FF49 /* Pods_SswiftJJson.framework */,
				1A25C43EC646A50D9ACDDC81 /* Pods_SswiftJJsonTests.framework */,
				0C74A7CA4ED81F45518F7083 /* Pods_SswiftJJsonUITests.framework */,
			);
			name = Frameworks;
			sourceTree = "<group>";
		};
		D6922B7C21BF8928001CEFE6 = {
			isa = PBXGroup;
			children = (
				D6E967A121C77D3B00793F8B /* APIManager.swift */,
				D6E5869721C2952F0031AFF5 /* TVCell.swift */,
				D6E5869521C295110031AFF5 /* DisplayTVC.swift */,
				D6922B8721BF8928001CEFE6 /* SswiftJJson */,
				D6922B9F21BF892A001CEFE6 /* SswiftJJsonTests */,
				D6922BAA21BF892B001CEFE6 /* SswiftJJsonUITests */,
				D6922B8621BF8928001CEFE6 /* Products */,
				97F151BD6A1A0D209F268797 /* Pods */,
				B439EE1B47FC24A54F019E93 /* Frameworks */,
			);
			sourceTree = "<group>";
		};
		D6922B8621BF8928001CEFE6 /* Products */ = {
			isa = PBXGroup;
			children = (
				D6922B8521BF8928001CEFE6 /* SswiftJJson.app */,
				D6922B9C21BF892A001CEFE6 /* SswiftJJsonTests.xctest */,
				D6922BA721BF892B001CEFE6 /* SswiftJJsonUITests.xctest */,
			);
			name = Products;
			sourceTree = "<group>";
		};
		D6922B8721BF8928001CEFE6 /* SswiftJJson */ = {
			isa = PBXGroup;
			children = (
				D6922B8821BF8928001CEFE6 /* AppDelegate.swift */,
				D6922B8A21BF8928001CEFE6 /* ViewController.swift */,
				D6922B8C21BF8928001CEFE6 /* Main.storyboard */,
				D6922B9221BF892A001CEFE6 /* Assets.xcassets */,
				D6922B9421BF892A001CEFE6 /* LaunchScreen.storyboard */,
				D6922B9721BF892A001CEFE6 /* Info.plist */,
				D6922B8F21BF8928001CEFE6 /* SswiftJJson.xcdatamodeld */,
			);
			path = SswiftJJson;
			sourceTree = "<group>";
		};
		D6922B9F21BF892A001CEFE6 /* SswiftJJsonTests */ = {
			isa = PBXGroup;
			children = (
				D6922BA021BF892A001CEFE6 /* SswiftJJsonTests.swift */,
				D6922BA221BF892B001CEFE6 /* Info.plist */,
			);
			path = SswiftJJsonTests;
			sourceTree = "<group>";
		};
		D6922BAA21BF892B001CEFE6 /* SswiftJJsonUITests */ = {
			isa = PBXGroup;
			children = (
				D6922BAB21BF892B001CEFE6 /* SswiftJJsonUITests.swift */,
				D6922BAD21BF892B001CEFE6 /* Info.plist */,
			);
			path = SswiftJJsonUITests;
			sourceTree = "<group>";
		};
/* End PBXGroup section */

/* Begin PBXNativeTarget section */
		D6922B8421BF8928001CEFE6 /* SswiftJJson */ = {
			isa = PBXNativeTarget;
			buildConfigurationList = D6922BB021BF892B001CEFE6 /* Build configuration list for PBXNativeTarget "SswiftJJson" */;
			buildPhases = (
				984CEC74DE149CB621934FCF /* [CP] Check Pods Manifest.lock */,
				D6922B8121BF8928001CEFE6 /* Sources */,
				D6922B8221BF8928001CEFE6 /* Frameworks */,
				D6922B8321BF8928001CEFE6 /* Resources */,
				02EB4499224EB246377817F2 /* [CP] Embed Pods Frameworks */,
			);
			buildRules = (
			);
			dependencies = (
			);
			name = SswiftJJson;
			productName = SswiftJJson;
			productReference = D6922B8521BF8928001CEFE6 /* SswiftJJson.app */;
			productType = "com.apple.product-type.application";
		};
		D6922B9B21BF892A001CEFE6 /* SswiftJJsonTests */ = {
			isa = PBXNativeTarget;
			buildConfigurationList = D6922BB321BF892B001CEFE6 /* Build configuration list for PBXNativeTarget "SswiftJJsonTests" */;
			buildPhases = (
				85FA558D3166A24AE19CC7C4 /* [CP] Check Pods Manifest.lock */,
				D6922B9821BF892A001CEFE6 /* Sources */,
				D6922B9921BF892A001CEFE6 /* Frameworks */,
				D6922B9A21BF892A001CEFE6 /* Resources */,
			);
			buildRules = (
			);
			dependencies = (
				D6922B9E21BF892A001CEFE6 /* PBXTargetDependency */,
			);
			name = SswiftJJsonTests;
			productName = SswiftJJsonTests;
			productReference = D6922B9C21BF892A001CEFE6 /* SswiftJJsonTests.xctest */;
			productType = "com.apple.product-type.bundle.unit-test";
		};
		D6922BA621BF892B001CEFE6 /* SswiftJJsonUITests */ = {
			isa = PBXNativeTarget;
			buildConfigurationList = D6922BB621BF892B001CEFE6 /* Build configuration list for PBXNativeTarget "SswiftJJsonUITests" */;
			buildPhases = (
				401216D32E88C53706822B60 /* [CP] Check Pods Manifest.lock */,
				D6922BA321BF892B001CEFE6 /* Sources */,
				D6922BA421BF892B001CEFE6 /* Frameworks */,
				D6922BA521BF892B001CEFE6 /* Resources */,
			);
			buildRules = (
			);
			dependencies = (
				D6922BA921BF892B001CEFE6 /* PBXTargetDependency */,
			);
			name = SswiftJJsonUITests;
			productName = SswiftJJsonUITests;
			productReference = D6922BA721BF892B001CEFE6 /* SswiftJJsonUITests.xctest */;
			productType = "com.apple.product-type.bundle.ui-testing";
		};
/* End PBXNativeTarget section */

/* Begin PBXProject section */
		D6922B7D21BF8928001CEFE6 /* Project object */ = {
			isa = PBXProject;
			attributes = {
				LastSwiftUpdateCheck = 1010;
				LastUpgradeCheck = 1010;
				ORGANIZATIONNAME = "LetMeCall Corp";
				TargetAttributes = {
					D6922B8421BF8928001CEFE6 = {
						CreatedOnToolsVersion = 10.1;
					};
					D6922B9B21BF892A001CEFE6 = {
						CreatedOnToolsVersion = 10.1;
						TestTargetID = D6922B8421BF8928001CEFE6;
					};
					D6922BA621BF892B001CEFE6 = {
						CreatedOnToolsVersion = 10.1;
						TestTargetID = D6922B8421BF8928001CEFE6;
					};
				};
			};
			buildConfigurationList = D6922B8021BF8928001CEFE6 /* Build configuration list for PBXProject "SswiftJJson" */;
			compatibilityVersion = "Xcode 9.3";
			developmentRegion = en;
			hasScannedForEncodings = 0;
			knownRegions = (
				en,
				Base,
			);
			mainGroup = D6922B7C21BF8928001CEFE6;
			productRefGroup = D6922B8621BF8928001CEFE6 /* Products */;
			projectDirPath = "";
			projectRoot = "";
			targets = (
				D6922B8421BF8928001CEFE6 /* SswiftJJson */,
				D6922B9B21BF892A001CEFE6 /* SswiftJJsonTests */,
				D6922BA621BF892B001CEFE6 /* SswiftJJsonUITests */,
			);
		};
/* End PBXProject section */

/* Begin PBXResourcesBuildPhase section */
		D6922B8321BF8928001CEFE6 /* Resources */ = {
			isa = PBXResourcesBuildPhase;
			buildActionMask = 2147483647;
			files = (
				D6922B9621BF892A001CEFE6 /* LaunchScreen.storyboard in Resources */,
				D6922B9321BF892A001CEFE6 /* Assets.xcassets in Resources */,
				D6922B8E21BF8928001CEFE6 /* Main.storyboard in Resources */,
			);
			runOnlyForDeploymentPostprocessing = 0;
		};
		D6922B9A21BF892A001CEFE6 /* Resources */ = {
			isa = PBXResourcesBuildPhase;
			buildActionMask = 2147483647;
			files = (
			);
			runOnlyForDeploymentPostprocessing = 0;
		};
		D6922BA521BF892B001CEFE6 /* Resources */ = {
			isa = PBXResourcesBuildPhase;
			buildActionMask = 2147483647;
			files = (
			);
			runOnlyForDeploymentPostprocessing = 0;
		};
/* End PBXResourcesBuildPhase section */

/* Begin PBXShellScriptBuildPhase section */
		02EB4499224EB246377817F2 /* [CP] Embed Pods Frameworks */ = {
			isa = PBXShellScriptBuildPhase;
			buildActionMask = 2147483647;
			files = (
			);
			inputFileListPaths = (
			);
			inputPaths = (
				"${SRCROOT}/Pods/Target Support Files/Pods-SswiftJJson/Pods-SswiftJJson-frameworks.sh",
				"${BUILT_PRODUCTS_DIR}/Alamofire/Alamofire.framework",
				"${BUILT_PRODUCTS_DIR}/SwiftyJSON/SwiftyJSON.framework",
			);
			name = "[CP] Embed Pods Frameworks";
			outputFileListPaths = (
			);
			outputPaths = (
				"${TARGET_BUILD_DIR}/${FRAMEWORKS_FOLDER_PATH}/Alamofire.framework",
				"${TARGET_BUILD_DIR}/${FRAMEWORKS_FOLDER_PATH}/SwiftyJSON.framework",
			);
			runOnlyForDeploymentPostprocessing = 0;
			shellPath = /bin/sh;
			shellScript = "\"${SRCROOT}/Pods/Target Support Files/Pods-SswiftJJson/Pods-SswiftJJson-frameworks.sh\"\n";
			showEnvVarsInLog = 0;
		};
		401216D32E88C53706822B60 /* [CP] Check Pods Manifest.lock */ = {
			isa = PBXShellScriptBuildPhase;
			buildActionMask = 2147483647;
			files = (
			);
			inputFileListPaths = (
			);
			inputPaths = (
				"${PODS_PODFILE_DIR_PATH}/Podfile.lock",
				"${PODS_ROOT}/Manifest.lock",
			);
			name = "[CP] Check Pods Manifest.lock";
			outputFileListPaths = (
			);
			outputPaths = (
				"$(DERIVED_FILE_DIR)/Pods-SswiftJJsonUITests-checkManifestLockResult.txt",
			);
			runOnlyForDeploymentPostprocessing = 0;
			shellPath = /bin/sh;
			shellScript = "diff \"${PODS_PODFILE_DIR_PATH}/Podfile.lock\" \"${PODS_ROOT}/Manifest.lock\" > /dev/null\nif [ $? != 0 ] ; then\n    # print error to STDERR\n    echo \"error: The sandbox is not in sync with the Podfile.lock. Run 'pod install' or update your CocoaPods installation.\" >&2\n    exit 1\nfi\n# This output is used by Xcode 'outputs' to avoid re-running this script phase.\necho \"SUCCESS\" > \"${SCRIPT_OUTPUT_FILE_0}\"\n";
			showEnvVarsInLog = 0;
		};
		85FA558D3166A24AE19CC7C4 /* [CP] Check Pods Manifest.lock */ = {
			isa = PBXShellScriptBuildPhase;
			buildActionMask = 2147483647;
			files = (
			);
			inputFileListPaths = (
			);
			inputPaths = (
				"${PODS_PODFILE_DIR_PATH}/Podfile.lock",
				"${PODS_ROOT}/Manifest.lock",
			);
			name = "[CP] Check Pods Manifest.lock";
			outputFileListPaths = (
			);
			outputPaths = (
				"$(DERIVED_FILE_DIR)/Pods-SswiftJJsonTests-checkManifestLockResult.txt",
			);
			runOnlyForDeploymentPostprocessing = 0;
			shellPath = /bin/sh;
			shellScript = "diff \"${PODS_PODFILE_DIR_PATH}/Podfile.lock\" \"${PODS_ROOT}/Manifest.lock\" > /dev/null\nif [ $? != 0 ] ; then\n    # print error to STDERR\n    echo \"error: The sandbox is not in sync with the Podfile.lock. Run 'pod install' or update your CocoaPods installation.\" >&2\n    exit 1\nfi\n# This output is used by Xcode 'outputs' to avoid re-running this script phase.\necho \"SUCCESS\" > \"${SCRIPT_OUTPUT_FILE_0}\"\n";
			showEnvVarsInLog = 0;
		};
		984CEC74DE149CB621934FCF /* [CP] Check Pods Manifest.lock */ = {
			isa = PBXShellScriptBuildPhase;
			buildActionMask = 2147483647;
			files = (
			);
			inputFileListPaths = (
			);
			inputPaths = (
				"${PODS_PODFILE_DIR_PATH}/Podfile.lock",
				"${PODS_ROOT}/Manifest.lock",
			);
			name = "[CP] Check Pods Manifest.lock";
			outputFileListPaths = (
			);
			outputPaths = (
				"$(DERIVED_FILE_DIR)/Pods-SswiftJJson-checkManifestLockResult.txt",
			);
			runOnlyForDeploymentPostprocessing = 0;
			shellPath = /bin/sh;
			shellScript = "diff \"${PODS_PODFILE_DIR_PATH}/Podfile.lock\" \"${PODS_ROOT}/Manifest.lock\" > /dev/null\nif [ $? != 0 ] ; then\n    # print error to STDERR\n    echo \"error: The sandbox is not in sync with the Podfile.lock. Run 'pod install' or update your CocoaPods installation.\" >&2\n    exit 1\nfi\n# This output is used by Xcode 'outputs' to avoid re-running this script phase.\necho \"SUCCESS\" > \"${SCRIPT_OUTPUT_FILE_0}\"\n";
			showEnvVarsInLog = 0;
		};
/* End PBXShellScriptBuildPhase section */

/* Begin PBXSourcesBuildPhase section */
		D6922B8121BF8928001CEFE6 /* Sources */ = {
			isa = PBXSourcesBuildPhase;
			buildActionMask = 2147483647;
			files = (
				D6E967A221C77D3B00793F8B /* APIManager.swift in Sources */,
				D6922B9121BF8928001CEFE6 /* SswiftJJson.xcdatamodeld in Sources */,
				D6922B8B21BF8928001CEFE6 /* ViewController.swift in Sources */,
				D6E5869621C295110031AFF5 /* DisplayTVC.swift in Sources */,
				D6E5869821C2952F0031AFF5 /* TVCell.swift in Sources */,
				D6922B8921BF8928001CEFE6 /* AppDelegate.swift in Sources */,
			);
			runOnlyForDeploymentPostprocessing = 0;
		};
		D6922B9821BF892A001CEFE6 /* Sources */ = {
			isa = PBXSourcesBuildPhase;
			buildActionMask = 2147483647;
			files = (
				D6922BA121BF892A001CEFE6 /* SswiftJJsonTests.swift in Sources */,
			);
			runOnlyForDeploymentPostprocessing = 0;
		};
		D6922BA321BF892B001CEFE6 /* Sources */ = {
			isa = PBXSourcesBuildPhase;
			buildActionMask = 2147483647;
			files = (
				D6922BAC21BF892B001CEFE6 /* SswiftJJsonUITests.swift in Sources */,
			);
			runOnlyForDeploymentPostprocessing = 0;
		};
/* End PBXSourcesBuildPhase section */

/* Begin PBXTargetDependency section */
		D6922B9E21BF892A001CEFE6 /* PBXTargetDependency */ = {
			isa = PBXTargetDependency;
			target = D6922B8421BF8928001CEFE6 /* SswiftJJson */;
			targetProxy = D6922B9D21BF892A001CEFE6 /* PBXContainerItemProxy */;
		};
		D6922BA921BF892B001CEFE6 /* PBXTargetDependency */ = {
			isa = PBXTargetDependency;
			target = D6922B8421BF8928001CEFE6 /* SswiftJJson */;
			targetProxy = D6922BA821BF892B001CEFE6 /* PBXContainerItemProxy */;
		};
/* End PBXTargetDependency section */

/* Begin PBXVariantGroup section */
		D6922B8C21BF8928001CEFE6 /* Main.storyboard */ = {
			isa = PBXVariantGroup;
			children = (
				D6922B8D21BF8928001CEFE6 /* Base */,
			);
			name = Main.storyboard;
			sourceTree = "<group>";
		};
		D6922B9421BF892A001CEFE6 /* LaunchScreen.storyboard */ = {
			isa = PBXVariantGroup;
			children = (
				D6922B9521BF892A001CEFE6 /* Base */,
			);
			name = LaunchScreen.storyboard;
			sourceTree = "<group>";
		};
/* End PBXVariantGroup section */

/* Begin XCBuildConfiguration section */
		D6922BAE21BF892B001CEFE6 /* Debug */ = {
			isa = XCBuildConfiguration;
			buildSettings = {
				ALWAYS_SEARCH_USER_PATHS = NO;
				CLANG_ANALYZER_NONNULL = YES;
				CLANG_ANALYZER_NUMBER_OBJECT_CONVERSION = YES_AGGRESSIVE;
				CLANG_CXX_LANGUAGE_STANDARD = "gnu++14";
				CLANG_CXX_LIBRARY = "libc++";
				CLANG_ENABLE_MODULES = YES;
				CLANG_ENABLE_OBJC_ARC = YES;
				CLANG_ENABLE_OBJC_WEAK = YES;
				CLANG_WARN_BLOCK_CAPTURE_AUTORELEASING = YES;
				CLANG_WARN_BOOL_CONVERSION = YES;
				CLANG_WARN_COMMA = YES;
				CLANG_WARN_CONSTANT_CONVERSION = YES;
				CLANG_WARN_DEPRECATED_OBJC_IMPLEMENTATIONS = YES;
				CLANG_WARN_DIRECT_OBJC_ISA_USAGE = YES_ERROR;
				CLANG_WARN_DOCUMENTATION_COMMENTS = YES;
				CLANG_WARN_EMPTY_BODY = YES;
				CLANG_WARN_ENUM_CONVERSION = YES;
				CLANG_WARN_INFINITE_RECURSION = YES;
				CLANG_WARN_INT_CONVERSION = YES;
				CLANG_WARN_NON_LITERAL_NULL_CONVERSION = YES;
				CLANG_WARN_OBJC_IMPLICIT_RETAIN_SELF = YES;
				CLANG_WARN_OBJC_LITERAL_CONVERSION = YES;
				CLANG_WARN_OBJC_ROOT_CLASS = YES_ERROR;
				CLANG_WARN_RANGE_LOOP_ANALYSIS = YES;
				CLANG_WARN_STRICT_PROTOTYPES = YES;
				CLANG_WARN_SUSPICIOUS_MOVE = YES;
				CLANG_WARN_UNGUARDED_AVAILABILITY = YES_AGGRESSIVE;
				CLANG_WARN_UNREACHABLE_CODE = YES;
				CLANG_WARN__DUPLICATE_METHOD_MATCH = YES;
				CODE_SIGN_IDENTITY = "iPhone Developer";
				COPY_PHASE_STRIP = NO;
				DEBUG_INFORMATION_FORMAT = dwarf;
				ENABLE_STRICT_OBJC_MSGSEND = YES;
				ENABLE_TESTABILITY = YES;
				GCC_C_LANGUAGE_STANDARD = gnu11;
				GCC_DYNAMIC_NO_PIC = NO;
				GCC_NO_COMMON_BLOCKS = YES;
				GCC_OPTIMIZATION_LEVEL = 0;
				GCC_PREPROCESSOR_DEFINITIONS = (
					"DEBUG=1",
					"$(inherited)",
				);
				GCC_WARN_64_TO_32_BIT_CONVERSION = YES;
				GCC_WARN_ABOUT_RETURN_TYPE = YES_ERROR;
				GCC_WARN_UNDECLARED_SELECTOR = YES;
				GCC_WARN_UNINITIALIZED_AUTOS = YES_AGGRESSIVE;
				GCC_WARN_UNUSED_FUNCTION = YES;
				GCC_WARN_UNUSED_VARIABLE = YES;
				IPHONEOS_DEPLOYMENT_TARGET = 12.1;
				MTL_ENABLE_DEBUG_INFO = INCLUDE_SOURCE;
				MTL_FAST_MATH = YES;
				ONLY_ACTIVE_ARCH = YES;
				SDKROOT = iphoneos;
				SWIFT_ACTIVE_COMPILATION_CONDITIONS = DEBUG;
				SWIFT_OPTIMIZATION_LEVEL = "-Onone";
			};
			name = Debug;
		};
		D6922BAF21BF892B001CEFE6 /* Release */ = {
			isa = XCBuildConfiguration;
			buildSettings = {
				ALWAYS_SEARCH_USER_PATHS = NO;
				CLANG_ANALYZER_NONNULL = YES;
				CLANG_ANALYZER_NUMBER_OBJECT_CONVERSION = YES_AGGRESSIVE;
				CLANG_CXX_LANGUAGE_STANDARD = "gnu++14";
				CLANG_CXX_LIBRARY = "libc++";
				CLANG_ENABLE_MODULES = YES;
				CLANG_ENABLE_OBJC_ARC = YES;
				CLANG_ENABLE_OBJC_WEAK = YES;
				CLANG_WARN_BLOCK_CAPTURE_AUTORELEASING = YES;
				CLANG_WARN_BOOL_CONVERSION = YES;
				CLANG_WARN_COMMA = YES;
				CLANG_WARN_CONSTANT_CONVERSION = YES;
				CLANG_WARN_DEPRECATED_OBJC_IMPLEMENTATIONS = YES;
				CLANG_WARN_DIRECT_OBJC_ISA_USAGE = YES_ERROR;
				CLANG_WARN_DOCUMENTATION_COMMENTS = YES;
				CLANG_WARN_EMPTY_BODY = YES;
				CLANG_WARN_ENUM_CONVERSION = YES;
				CLANG_WARN_INFINITE_RECURSION = YES;
				CLANG_WARN_INT_CONVERSION = YES;
				CLANG_WARN_NON_LITERAL_NULL_CONVERSION = YES;
				CLANG_WARN_OBJC_IMPLICIT_RETAIN_SELF = YES;
				CLANG_WARN_OBJC_LITERAL_CONVERSION = YES;
				CLANG_WARN_OBJC_ROOT_CLASS = YES_ERROR;
				CLANG_WARN_RANGE_LOOP_ANALYSIS = YES;
				CLANG_WARN_STRICT_PROTOTYPES = YES;
				CLANG_WARN_SUSPICIOUS_MOVE = YES;
				CLANG_WARN_UNGUARDED_AVAILABILITY = YES_AGGRESSIVE;
				CLANG_WARN_UNREACHABLE_CODE = YES;
				CLANG_WARN__DUPLICATE_METHOD_MATCH = YES;
				CODE_SIGN_IDENTITY = "iPhone Developer";
				COPY_PHASE_STRIP = NO;
				DEBUG_INFORMATION_FORMAT = "dwarf-with-dsym";
				ENABLE_NS_ASSERTIONS = NO;
				ENABLE_STRICT_OBJC_MSGSEND = YES;
				GCC_C_LANGUAGE_STANDARD = gnu11;
				GCC_NO_COMMON_BLOCKS = YES;
				GCC_WARN_64_TO_32_BIT_CONVERSION = YES;
				GCC_WARN_ABOUT_RETURN_TYPE = YES_ERROR;
				GCC_WARN_UNDECLARED_SELECTOR = YES;
				GCC_WARN_UNINITIALIZED_AUTOS = YES_AGGRESSIVE;
				GCC_WARN_UNUSED_FUNCTION = YES;
				GCC_WARN_UNUSED_VARIABLE = YES;
				IPHONEOS_DEPLOYMENT_TARGET = 12.1;
				MTL_ENABLE_DEBUG_INFO = NO;
				MTL_FAST_MATH = YES;
				SDKROOT = iphoneos;
				SWIFT_COMPILATION_MODE = wholemodule;
				SWIFT_OPTIMIZATION_LEVEL = "-O";
				VALIDATE_PRODUCT = YES;
			};
			name = Release;
		};
		D6922BB121BF892B001CEFE6 /* Debug */ = {
			isa = XCBuildConfiguration;
			baseConfigurationReference = 7FDBF9D539AC3678594642E2 /* Pods-SswiftJJson.debug.xcconfig */;
			buildSettings = {
				ASSETCATALOG_COMPILER_APPICON_NAME = AppIcon;
				CODE_SIGN_STYLE = Automatic;
				INFOPLIST_FILE = SswiftJJson/Info.plist;
				LD_RUNPATH_SEARCH_PATHS = (
					"$(inherited)",
					"@executable_path/Frameworks",
				);
				PRODUCT_BUNDLE_IDENTIFIER = LetMeCall.SswiftJJson;
				PRODUCT_NAME = "$(TARGET_NAME)";
				SWIFT_VERSION = 4.2;
				TARGETED_DEVICE_FAMILY = "1,2";
			};
			name = Debug;
		};
		D6922BB221BF892B001CEFE6 /* Release */ = {
			isa = XCBuildConfiguration;
			baseConfigurationReference = 714B91E654B14590414128E4 /* Pods-SswiftJJson.release.xcconfig */;
			buildSettings = {
				ASSETCATALOG_COMPILER_APPICON_NAME = AppIcon;
				CODE_SIGN_STYLE = Automatic;
				INFOPLIST_FILE = SswiftJJson/Info.plist;
				LD_RUNPATH_SEARCH_PATHS = (
					"$(inherited)",
					"@executable_path/Frameworks",
				);
				PRODUCT_BUNDLE_IDENTIFIER = LetMeCall.SswiftJJson;
				PRODUCT_NAME = "$(TARGET_NAME)";
				SWIFT_VERSION = 4.2;
				TARGETED_DEVICE_FAMILY = "1,2";
			};
			name = Release;
		};
		D6922BB421BF892B001CEFE6 /* Debug */ = {
			isa = XCBuildConfiguration;
			baseConfigurationReference = 5AC89A7A024C833889BFC4F0 /* Pods-SswiftJJsonTests.debug.xcconfig */;
			buildSettings = {
				ALWAYS_EMBED_SWIFT_STANDARD_LIBRARIES = YES;
				BUNDLE_LOADER = "$(TEST_HOST)";
				CODE_SIGN_STYLE = Automatic;
				INFOPLIST_FILE = SswiftJJsonTests/Info.plist;
				LD_RUNPATH_SEARCH_PATHS = (
					"$(inherited)",
					"@executable_path/Frameworks",
					"@loader_path/Frameworks",
				);
				PRODUCT_BUNDLE_IDENTIFIER = LetMeCall.SswiftJJsonTests;
				PRODUCT_NAME = "$(TARGET_NAME)";
				SWIFT_VERSION = 4.2;
				TARGETED_DEVICE_FAMILY = "1,2";
				TEST_HOST = "$(BUILT_PRODUCTS_DIR)/SswiftJJson.app/SswiftJJson";
			};
			name = Debug;
		};
		D6922BB521BF892B001CEFE6 /* Release */ = {
			isa = XCBuildConfiguration;
			baseConfigurationReference = CEE9DC157456D66633A227B3 /* Pods-SswiftJJsonTests.release.xcconfig */;
			buildSettings = {
				ALWAYS_EMBED_SWIFT_STANDARD_LIBRARIES = YES;
				BUNDLE_LOADER = "$(TEST_HOST)";
				CODE_SIGN_STYLE = Automatic;
				INFOPLIST_FILE = SswiftJJsonTests/Info.plist;
				LD_RUNPATH_SEARCH_PATHS = (
					"$(inherited)",
					"@executable_path/Frameworks",
					"@loader_path/Frameworks",
				);
				PRODUCT_BUNDLE_IDENTIFIER = LetMeCall.SswiftJJsonTests;
				PRODUCT_NAME = "$(TARGET_NAME)";
				SWIFT_VERSION = 4.2;
				TARGETED_DEVICE_FAMILY = "1,2";
				TEST_HOST = "$(BUILT_PRODUCTS_DIR)/SswiftJJson.app/SswiftJJson";
			};
			name = Release;
		};
		D6922BB721BF892B001CEFE6 /* Debug */ = {
			isa = XCBuildConfiguration;
			baseConfigurationReference = CBE45013BA68FDA1EB65B1CE /* Pods-SswiftJJsonUITests.debug.xcconfig */;
			buildSettings = {
				ALWAYS_EMBED_SWIFT_STANDARD_LIBRARIES = YES;
				CODE_SIGN_STYLE = Automatic;
				INFOPLIST_FILE = SswiftJJsonUITests/Info.plist;
				LD_RUNPATH_SEARCH_PATHS = (
					"$(inherited)",
					"@executable_path/Frameworks",
					"@loader_path/Frameworks",
				);
				PRODUCT_BUNDLE_IDENTIFIER = LetMeCall.SswiftJJsonUITests;
				PRODUCT_NAME = "$(TARGET_NAME)";
				SWIFT_VERSION = 4.2;
				TARGETED_DEVICE_FAMILY = "1,2";
				TEST_TARGET_NAME = SswiftJJson;
			};
			name = Debug;
		};
		D6922BB821BF892B001CEFE6 /* Release */ = {
			isa = XCBuildConfiguration;
			baseConfigurationReference = DD05F2F32639CD47D006DAA3 /* Pods-SswiftJJsonUITests.release.xcconfig */;
			buildSettings = {
				ALWAYS_EMBED_SWIFT_STANDARD_LIBRARIES = YES;
				CODE_SIGN_STYLE = Automatic;
				INFOPLIST_FILE = SswiftJJsonUITests/Info.plist;
				LD_RUNPATH_SEARCH_PATHS = (
					"$(inherited)",
					"@executable_path/Frameworks",
					"@loader_path/Frameworks",
				);
				PRODUCT_BUNDLE_IDENTIFIER = LetMeCall.SswiftJJsonUITests;
				PRODUCT_NAME = "$(TARGET_NAME)";
				SWIFT_VERSION = 4.2;
				TARGETED_DEVICE_FAMILY = "1,2";
				TEST_TARGET_NAME = SswiftJJson;
			};
			name = Release;
		};
/* End XCBuildConfiguration section */

/* Begin XCConfigurationList section */
		D6922B8021BF8928001CEFE6 /* Build configuration list for PBXProject "SswiftJJson" */ = {
			isa = XCConfigurationList;
			buildConfigurations = (
				D6922BAE21BF892B001CEFE6 /* Debug */,
				D6922BAF21BF892B001CEFE6 /* Release */,
			);
			defaultConfigurationIsVisible = 0;
			defaultConfigurationName = Release;
		};
		D6922BB021BF892B001CEFE6 /* Build configuration list for PBXNativeTarget "SswiftJJson" */ = {
			isa = XCConfigurationList;
			buildConfigurations = (
				D6922BB121BF892B001CEFE6 /* Debug */,
				D6922BB221BF892B001CEFE6 /* Release */,
			);
			defaultConfigurationIsVisible = 0;
			defaultConfigurationName = Release;
		};
		D6922BB321BF892B001CEFE6 /* Build configuration list for PBXNativeTarget "SswiftJJsonTests" */ = {
			isa = XCConfigurationList;
			buildConfigurations = (
				D6922BB421BF892B001CEFE6 /* Debug */,
				D6922BB521BF892B001CEFE6 /* Release */,
			);
			defaultConfigurationIsVisible = 0;
			defaultConfigurationName = Release;
		};
		D6922BB621BF892B001CEFE6 /* Build configuration list for PBXNativeTarget "SswiftJJsonUITests" */ = {
			isa = XCConfigurationList;
			buildConfigurations = (
				D6922BB721BF892B001CEFE6 /* Debug */,
				D6922BB821BF892B001CEFE6 /* Release */,
			);
			defaultConfigurationIsVisible = 0;
			defaultConfigurationName = Release;
		};
/* End XCConfigurationList section */

/* Begin XCVersionGroup section */
		D6922B8F21BF8928001CEFE6 /* SswiftJJson.xcdatamodeld */ = {
			isa = XCVersionGroup;
			children = (
				D6922B9021BF8928001CEFE6 /* SswiftJJson.xcdatamodel */,
			);
			currentVersion = D6922B9021BF8928001CEFE6 /* SswiftJJson.xcdatamodel */;
			path = SswiftJJson.xcdatamodeld;
			sourceTree = "<group>";
			versionGroupType = wrapper.xcdatamodel;
		};
/* End XCVersionGroup section */
	};
	rootObject = D6922B7D21BF8928001CEFE6 /* Project object */;
}
